
Microsoft Visual Studio Solution File, Format Version 12.00
# Visual Studio Version 16
VisualStudioVersion = 16.0.30711.63
MinimumVisualStudioVersion = 10.0.40219.1
Project("{9A19103F-16F7-4668-BE54-9A1E7A4F7556}") = "AspNetCore.Authentication.ReferenceToken", "src\AspNetCore.Authentication.ReferenceToken\AspNetCore.Authentication.ReferenceToken.csproj", "{14243D67-6C0C-4D2C-80E2-198A7E48F79E}"
EndProject
Project("{2150E333-8FDC-42A3-9474-1A3956D46DE8}") = "src", "src", "{7201702E-C795-4DA9-8427-0C8693D26181}"
EndProject
Project("{2150E333-8FDC-42A3-9474-1A3956D46DE8}") = "sample", "sample", "{89759E97-FE62-4E3A-9423-0E79ADACB7AF}"
EndProject
Project("{2150E333-8FDC-42A3-9474-1A3956D46DE8}") = "tests", "tests", "{FB67236B-9E22-4A96-A785-DBA279775D14}"
EndProject
Project("{9A19103F-16F7-4668-BE54-9A1E7A4F7556}") = "Auth.ReferenceToken.UnitTests", "tests\Auth.ReferenceToken.UnitTests\Auth.ReferenceToken.UnitTests.csproj", "{7284B8A9-5145-40EE-A136-69F534ABE8D5}"
EndProject
Project("{9A19103F-16F7-4668-BE54-9A1E7A4F7556}") = "Auth.ReferenceToken.SampleApp", "sample\Auth.ReferenceToken.SampleApp\Auth.ReferenceToken.SampleApp.csproj", "{617717C6-DEE2-4A81-AA18-1105B2DDD720}"
EndProject
Project("{FAE04EC0-301F-11D3-BF4B-00C04F79EFBC}") = "AspNetCore.Authentication.ReferenceToken.Redis", "src\AspNetCore.Authentication.ReferenceToken.Redis\AspNetCore.Authentication.ReferenceToken.Redis.csproj", "{0DF5E133-BAC4-4829-97EA-C6C83EFA7B55}"
EndProject
Global
	GlobalSection(SolutionConfigurationPlatforms) = preSolution
		Debug|Any CPU = Debug|Any CPU
		Release|Any CPU = Release|Any CPU
	EndGlobalSection
	GlobalSection(ProjectConfigurationPlatforms) = postSolution
		{14243D67-6C0C-4D2C-80E2-198A7E48F79E}.Debug|Any CPU.ActiveCfg = Debug|Any CPU
		{14243D67-6C0C-4D2C-80E2-198A7E48F79E}.Debug|Any CPU.Build.0 = Debug|Any CPU
		{14243D67-6C0C-4D2C-80E2-198A7E48F79E}.Release|Any CPU.ActiveCfg = Release|Any CPU
		{14243D67-6C0C-4D2C-80E2-198A7E48F79E}.Release|Any CPU.Build.0 = Release|Any CPU
		{7284B8A9-5145-40EE-A136-69F534ABE8D5}.Debug|Any CPU.ActiveCfg = Debug|Any CPU
		{7284B8A9-5145-40EE-A136-69F534ABE8D5}.Debug|Any CPU.Build.0 = Debug|Any CPU
		{7284B8A9-5145-40EE-A136-69F534ABE8D5}.Release|Any CPU.ActiveCfg = Release|Any CPU
		{7284B8A9-5145-40EE-A136-69F534ABE8D5}.Release|Any CPU.Build.0 = Release|Any CPU
		{617717C6-DEE2-4A81-AA18-1105B2DDD720}.Debug|Any CPU.ActiveCfg = Debug|Any CPU
		{617717C6-DEE2-4A81-AA18-1105B2DDD720}.Debug|Any CPU.Build.0 = Debug|Any CPU
		{617717C6-DEE2-4A81-AA18-1105B2DDD720}.Release|Any CPU.ActiveCfg = Release|Any CPU
		{617717C6-DEE2-4A81-AA18-1105B2DDD720}.Release|Any CPU.Build.0 = Release|Any CPU
		{0DF5E133-BAC4-4829-97EA-C6C83EFA7B55}.Debug|Any CPU.ActiveCfg = Debug|Any CPU
		{0DF5E133-BAC4-4829-97EA-C6C83EFA7B55}.Debug|Any CPU.Build.0 = Debug|Any CPU
		{0DF5E133-BAC4-4829-97EA-C6C83EFA7B55}.Release|Any CPU.ActiveCfg = Release|Any CPU
		{0DF5E133-BAC4-4829-97EA-C6C83EFA7B55}.Release|Any CPU.Build.0 = Release|Any CPU
	EndGlobalSection
	GlobalSection(SolutionProperties) = preSolution
		HideSolutionNode = FALSE
	EndGlobalSection
	GlobalSection(NestedProjects) = preSolution
		{14243D67-6C0C-4D2C-80E2-198A7E48F79E} = {7201702E-C795-4DA9-8427-0C8693D26181}
		{7284B8A9-5145-40EE-A136-69F534ABE8D5} = {FB67236B-9E22-4A96-A785-DBA279775D14}
		{617717C6-DEE2-4A81-AA18-1105B2DDD720} = {89759E97-FE62-4E3A-9423-0E79ADACB7AF}
		{0DF5E133-BAC4-4829-97EA-C6C83EFA7B55} = {7201702E-C795-4DA9-8427-0C8693D26181}
	EndGlobalSection
	GlobalSection(ExtensibilityGlobals) = postSolution
		SolutionGuid = {FD33B376-A654-476E-A3AB-0843EE5719C1}
	EndGlobalSection
EndGlobal
